// !$*UTF8*$!
{
	archiveVersion = 1;
	classes = {
	};
	objectVersion = 50;
	objects = {

/* Begin PBXBuildFile section */
		8566AC1624A27A2200711129 /* AppDelegate.swift in Sources */ = {isa = PBXBuildFile; fileRef = 8566AC1524A27A2200711129 /* AppDelegate.swift */; };
		8566AC1824A27A2200711129 /* SceneDelegate.swift in Sources */ = {isa = PBXBuildFile; fileRef = 8566AC1724A27A2200711129 /* SceneDelegate.swift */; };
		8566AC1A24A27A2200711129 /* EmojiArtDocumentView.swift in Sources */ = {isa = PBXBuildFile; fileRef = 8566AC1924A27A2200711129 /* EmojiArtDocumentView.swift */; };
		8566AC1C24A27A2300711129 /* Assets.xcassets in Resources */ = {isa = PBXBuildFile; fileRef = 8566AC1B24A27A2300711129 /* Assets.xcassets */; };
		8566AC1F24A27A2300711129 /* Preview Assets.xcassets in Resources */ = {isa = PBXBuildFile; fileRef = 8566AC1E24A27A2300711129 /* Preview Assets.xcassets */; };
		8566AC2224A27A2300711129 /* LaunchScreen.storyboard in Resources */ = {isa = PBXBuildFile; fileRef = 8566AC2024A27A2300711129 /* LaunchScreen.storyboard */; };
		8566AC2A24A27A6400711129 /* EmojiArtDocument.swift in Sources */ = {isa = PBXBuildFile; fileRef = 8566AC2924A27A6400711129 /* EmojiArtDocument.swift */; };
		8566AC2C24A2835D00711129 /* EmojiArt.swift in Sources */ = {isa = PBXBuildFile; fileRef = 8566AC2B24A2835D00711129 /* EmojiArt.swift */; };
		8566AC2E24A288AC00711129 /* EmojiArtExtensions.swift in Sources */ = {isa = PBXBuildFile; fileRef = 8566AC2D24A288AC00711129 /* EmojiArtExtensions.swift */; };
		859B78F224A6A81000B312CB /* OptionalImage.swift in Sources */ = {isa = PBXBuildFile; fileRef = 859B78F124A6A81000B312CB /* OptionalImage.swift */; };
		859B78F424A6ACD600B312CB /* AnimatableSystemFontModifier.swift in Sources */ = {isa = PBXBuildFile; fileRef = 859B78F324A6ACD600B312CB /* AnimatableSystemFontModifier.swift */; };
/* End PBXBuildFile section */

/* Begin PBXFileReference section */
		8566AC1224A27A2200711129 /* EmojiArt.app */ = {isa = PBXFileReference; explicitFileType = wrapper.application; includeInIndex = 0; path = EmojiArt.app; sourceTree = BUILT_PRODUCTS_DIR; };
		8566AC1524A27A2200711129 /* AppDelegate.swift */ = {isa = PBXFileReference; lastKnownFileType = sourcecode.swift; path = AppDelegate.swift; sourceTree = "<group>"; };
		8566AC1724A27A2200711129 /* SceneDelegate.swift */ = {isa = PBXFileReference; lastKnownFileType = sourcecode.swift; path = SceneDelegate.swift; sourceTree = "<group>"; };
		8566AC1924A27A2200711129 /* EmojiArtDocumentView.swift */ = {isa = PBXFileReference; lastKnownFileType = sourcecode.swift; path = EmojiArtDocumentView.swift; sourceTree = "<group>"; };
		8566AC1B24A27A2300711129 /* Assets.xcassets */ = {isa = PBXFileReference; lastKnownFileType = folder.assetcatalog; path = Assets.xcassets; sourceTree = "<group>"; };
		8566AC1E24A27A2300711129 /* Preview Assets.xcassets */ = {isa = PBXFileReference; lastKnownFileType = folder.assetcatalog; path = "Preview Assets.xcassets"; sourceTree = "<group>"; };
		8566AC2124A27A2300711129 /* Base */ = {isa = PBXFileReference; lastKnownFileType = file.storyboard; name = Base; path = Base.lproj/LaunchScreen.storyboard; sourceTree = "<group>"; };
		8566AC2324A27A2300711129 /* Info.plist */ = {isa = PBXFileReference; lastKnownFileType = text.plist.xml; path = Info.plist; sourceTree = "<group>"; };
		8566AC2924A27A6400711129 /* EmojiArtDocument.swift */ = {isa = PBXFileReference; lastKnownFileType = sourcecode.swift; path = EmojiArtDocument.swift; sourceTree = "<group>"; };
		8566AC2B24A2835D00711129 /* EmojiArt.swift */ = {isa = PBXFileReference; lastKnownFileType = sourcecode.swift; path = EmojiArt.swift; sourceTree = "<group>"; };
		8566AC2D24A288AC00711129 /* EmojiArtExtensions.swift */ = {isa = PBXFileReference; fileEncoding = 4; lastKnownFileType = sourcecode.swift; path = EmojiArtExtensions.swift; sourceTree = "<group>"; };
		859B78F124A6A81000B312CB /* OptionalImage.swift */ = {isa = PBXFileReference; lastKnownFileType = sourcecode.swift; path = OptionalImage.swift; sourceTree = "<group>"; };
		859B78F324A6ACD600B312CB /* AnimatableSystemFontModifier.swift */ = {isa = PBXFileReference; fileEncoding = 4; lastKnownFileType = sourcecode.swift; path = AnimatableSystemFontModifier.swift; sourceTree = "<group>"; };
/* End PBXFileReference section */

/* Begin PBXFrameworksBuildPhase section */
		8566AC0F24A27A2200711129 /* Frameworks */ = {
			isa = PBXFrameworksBuildPhase;
			buildActionMask = 2147483647;
			files = (
			);
			runOnlyForDeploymentPostprocessing = 0;
		};
/* End PBXFrameworksBuildPhase section */

/* Begin PBXGroup section */
		8566AC0924A27A2200711129 = {
			isa = PBXGroup;
			children = (
				8566AC1424A27A2200711129 /* EmojiArt */,
				8566AC1324A27A2200711129 /* Products */,
			);
			sourceTree = "<group>";
		};
		8566AC1324A27A2200711129 /* Products */ = {
			isa = PBXGroup;
			children = (
				8566AC1224A27A2200711129 /* EmojiArt.app */,
			);
			name = Products;
			sourceTree = "<group>";
		};
		8566AC1424A27A2200711129 /* EmojiArt */ = {
			isa = PBXGroup;
			children = (
				859B78F324A6ACD600B312CB /* AnimatableSystemFontModifier.swift */,
				8566AC2D24A288AC00711129 /* EmojiArtExtensions.swift */,
				8566AC2924A27A6400711129 /* EmojiArtDocument.swift */,
				8566AC1924A27A2200711129 /* EmojiArtDocumentView.swift */,
				859B78F124A6A81000B312CB /* OptionalImage.swift */,
				8566AC2B24A2835D00711129 /* EmojiArt.swift */,
				8566AC1524A27A2200711129 /* AppDelegate.swift */,
				8566AC1724A27A2200711129 /* SceneDelegate.swift */,
				8566AC1B24A27A2300711129 /* Assets.xcassets */,
				8566AC2024A27A2300711129 /* LaunchScreen.storyboard */,
				8566AC2324A27A2300711129 /* Info.plist */,
				8566AC1D24A27A2300711129 /* Preview Content */,
			);
			path = EmojiArt;
			sourceTree = "<group>";
		};
		8566AC1D24A27A2300711129 /* Preview Content */ = {
			isa = PBXGroup;
			children = (
				8566AC1E24A27A2300711129 /* Preview Assets.xcassets */,
			);
			path = "Preview Content";
			sourceTree = "<group>";
		};
/* End PBXGroup section */

/* Begin PBXNativeTarget section */
		8566AC1124A27A2200711129 /* EmojiArt */ = {
			isa = PBXNativeTarget;
			buildConfigurationList = 8566AC2624A27A2300711129 /* Build configuration list for PBXNativeTarget "EmojiArt" */;
			buildPhases = (
				8566AC0E24A27A2200711129 /* Sources */,
				8566AC0F24A27A2200711129 /* Frameworks */,
				8566AC1024A27A2200711129 /* Resources */,
			);
			buildRules = (
			);
			dependencies = (
			);
			name = EmojiArt;
			productName = EmojiArt;
			productReference = 8566AC1224A27A2200711129 /* EmojiArt.app */;
			productType = "com.apple.product-type.application";
		};
/* End PBXNativeTarget section */

/* Begin PBXProject section */
		8566AC0A24A27A2200711129 /* Project object */ = {
			isa = PBXProject;
			attributes = {
				LastSwiftUpdateCheck = 1150;
				LastUpgradeCheck = 1150;
				ORGANIZATIONNAME = "Evan Timmons";
				TargetAttributes = {
					8566AC1124A27A2200711129 = {
						CreatedOnToolsVersion = 11.5;
					};
				};
			};
			buildConfigurationList = 8566AC0D24A27A2200711129 /* Build configuration list for PBXProject "EmojiArt" */;
			compatibilityVersion = "Xcode 9.3";
			developmentRegion = en;
			hasScannedForEncodings = 0;
			knownRegions = (
				en,
				Base,
			);
			mainGroup = 8566AC0924A27A2200711129;
			productRefGroup = 8566AC1324A27A2200711129 /* Products */;
			projectDirPath = "";
			projectRoot = "";
			targets = (
				8566AC1124A27A2200711129 /* EmojiArt */,
			);
		};
/* End PBXProject section */

/* Begin PBXResourcesBuildPhase section */
		8566AC1024A27A2200711129 /* Resources */ = {
			isa = PBXResourcesBuildPhase;
			buildActionMask = 2147483647;
			files = (
				8566AC2224A27A2300711129 /* LaunchScreen.storyboard in Resources */,
				8566AC1F24A27A2300711129 /* Preview Assets.xcassets in Resources */,
				8566AC1C24A27A2300711129 /* Assets.xcassets in Resources */,
			);
			runOnlyForDeploymentPostprocessing = 0;
		};
/* End PBXResourcesBuildPhase section */

/* Begin PBXSourcesBuildPhase section */
		8566AC0E24A27A2200711129 /* Sources */ = {
			isa = PBXSourcesBuildPhase;
			buildActionMask = 2147483647;
			files = (
				8566AC1624A27A2200711129 /* AppDelegate.swift in Sources */,
				8566AC1824A27A2200711129 /* SceneDelegate.swift in Sources */,
				8566AC2E24A288AC00711129 /* EmojiArtExtensions.swift in Sources */,
				8566AC2C24A2835D00711129 /* EmojiArt.swift in Sources */,
				8566AC1A24A27A2200711129 /* EmojiArtDocumentView.swift in Sources */,
				859B78F224A6A81000B312CB /* OptionalImage.swift in Sources */,
				859B78F424A6ACD600B312CB /* AnimatableSystemFontModifier.swift in Sources */,
				8566AC2A24A27A6400711129 /* EmojiArtDocument.swift in Sources */,
			);
			runOnlyForDeploymentPostprocessing = 0;
		};
/* End PBXSourcesBuildPhase section */

/* Begin PBXVariantGroup section */
		8566AC2024A27A2300711129 /* LaunchScreen.storyboard */ = {
			isa = PBXVariantGroup;
			children = (
				8566AC2124A27A2300711129 /* Base */,
			);
			name = LaunchScreen.storyboard;
			sourceTree = "<group>";
		};
/* End PBXVariantGroup section */

/* Begin XCBuildConfiguration section */
		8566AC2424A27A2300711129 /* Debug */ = {
			isa = XCBuildConfiguration;
			buildSettings = {
				ALWAYS_SEARCH_USER_PATHS = NO;
				CLANG_ANALYZER_NONNULL = YES;
				CLANG_ANALYZER_NUMBER_OBJECT_CONVERSION = YES_AGGRESSIVE;
				CLANG_CXX_LANGUAGE_STANDARD = "gnu++14";
				CLANG_CXX_LIBRARY = "libc++";
				CLANG_ENABLE_MODULES = YES;
				CLANG_ENABLE_OBJC_ARC = YES;
				CLANG_ENABLE_OBJC_WEAK = YES;
				CLANG_WARN_BLOCK_CAPTURE_AUTORELEASING = YES;
				CLANG_WARN_BOOL_CONVERSION = YES;
				CLANG_WARN_COMMA = YES;
				CLANG_WARN_CONSTANT_CONVERSION = YES;
				CLANG_WARN_DEPRECATED_OBJC_IMPLEMENTATIONS = YES;
				CLANG_WARN_DIRECT_OBJC_ISA_USAGE = YES_ERROR;
				CLANG_WARN_DOCUMENTATION_COMMENTS = YES;
				CLANG_WARN_EMPTY_BODY = YES;
				CLANG_WARN_ENUM_CONVERSION = YES;
				CLANG_WARN_INFINITE_RECURSION = YES;
				CLANG_WARN_INT_CONVERSION = YES;
				CLANG_WARN_NON_LITERAL_NULL_CONVERSION = YES;
				CLANG_WARN_OBJC_IMPLICIT_RETAIN_SELF = YES;
				CLANG_WARN_OBJC_LITERAL_CONVERSION = YES;
				CLANG_WARN_OBJC_ROOT_CLASS = YES_ERROR;
				CLANG_WARN_RANGE_LOOP_ANALYSIS = YES;
				CLANG_WARN_STRICT_PROTOTYPES = YES;
				CLANG_WARN_SUSPICIOUS_MOVE = YES;
				CLANG_WARN_UNGUARDED_AVAILABILITY = YES_AGGRESSIVE;
				CLANG_WARN_UNREACHABLE_CODE = YES;
				CLANG_WARN__DUPLICATE_METHOD_MATCH = YES;
				COPY_PHASE_STRIP = NO;
				DEBUG_INFORMATION_FORMAT = dwarf;
				ENABLE_STRICT_OBJC_MSGSEND = YES;
				ENABLE_TESTABILITY = YES;
				GCC_C_LANGUAGE_STANDARD = gnu11;
				GCC_DYNAMIC_NO_PIC = NO;
				GCC_NO_COMMON_BLOCKS = YES;
				GCC_OPTIMIZATION_LEVEL = 0;
				GCC_PREPROCESSOR_DEFINITIONS = (
					"DEBUG=1",
					"$(inherited)",
				);
				GCC_WARN_64_TO_32_BIT_CONVERSION = YES;
				GCC_WARN_ABOUT_RETURN_TYPE = YES_ERROR;
				GCC_WARN_UNDECLARED_SELECTOR = YES;
				GCC_WARN_UNINITIALIZED_AUTOS = YES_AGGRESSIVE;
				GCC_WARN_UNUSED_FUNCTION = YES;
				GCC_WARN_UNUSED_VARIABLE = YES;
				IPHONEOS_DEPLOYMENT_TARGET = 13.5;
				MTL_ENABLE_DEBUG_INFO = INCLUDE_SOURCE;
				MTL_FAST_MATH = YES;
				ONLY_ACTIVE_ARCH = YES;
				SDKROOT = iphoneos;
				SWIFT_ACTIVE_COMPILATION_CONDITIONS = DEBUG;
				SWIFT_OPTIMIZATION_LEVEL = "-Onone";
			};
			name = Debug;
		};
		8566AC2524A27A2300711129 /* Release */ = {
			isa = XCBuildConfiguration;
			buildSettings = {
				ALWAYS_SEARCH_USER_PATHS = NO;
				CLANG_ANALYZER_NONNULL = YES;
				CLANG_ANALYZER_NUMBER_OBJECT_CONVERSION = YES_AGGRESSIVE;
				CLANG_CXX_LANGUAGE_STANDARD = "gnu++14";
				CLANG_CXX_LIBRARY = "libc++";
				CLANG_ENABLE_MODULES = YES;
				CLANG_ENABLE_OBJC_ARC = YES;
				CLANG_ENABLE_OBJC_WEAK = YES;
				CLANG_WARN_BLOCK_CAPTURE_AUTORELEASING = YES;
				CLANG_WARN_BOOL_CONVERSION = YES;
				CLANG_WARN_COMMA = YES;
				CLANG_WARN_CONSTANT_CONVERSION = YES;
				CLANG_WARN_DEPRECATED_OBJC_IMPLEMENTATIONS = YES;
				CLANG_WARN_DIRECT_OBJC_ISA_USAGE = YES_ERROR;
				CLANG_WARN_DOCUMENTATION_COMMENTS = YES;
				CLANG_WARN_EMPTY_BODY = YES;
				CLANG_WARN_ENUM_CONVERSION = YES;
				CLANG_WARN_INFINITE_RECURSION = YES;
				CLANG_WARN_INT_CONVERSION = YES;
				CLANG_WARN_NON_LITERAL_NULL_CONVERSION = YES;
				CLANG_WARN_OBJC_IMPLICIT_RETAIN_SELF = YES;
				CLANG_WARN_OBJC_LITERAL_CONVERSION = YES;
				CLANG_WARN_OBJC_ROOT_CLASS = YES_ERROR;
				CLANG_WARN_RANGE_LOOP_ANALYSIS = YES;
				CLANG_WARN_STRICT_PROTOTYPES = YES;
				CLANG_WARN_SUSPICIOUS_MOVE = YES;
				CLANG_WARN_UNGUARDED_AVAILABILITY = YES_AGGRESSIVE;
				CLANG_WARN_UNREACHABLE_CODE = YES;
				CLANG_WARN__DUPLICATE_METHOD_MATCH = YES;
				COPY_PHASE_STRIP = NO;
				DEBUG_INFORMATION_FORMAT = "dwarf-with-dsym";
				ENABLE_NS_ASSERTIONS = NO;
				ENABLE_STRICT_OBJC_MSGSEND = YES;
				GCC_C_LANGUAGE_STANDARD = gnu11;
				GCC_NO_COMMON_BLOCKS = YES;
				GCC_WARN_64_TO_32_BIT_CONVERSION = YES;
				GCC_WARN_ABOUT_RETURN_TYPE = YES_ERROR;
				GCC_WARN_UNDECLARED_SELECTOR = YES;
				GCC_WARN_UNINITIALIZED_AUTOS = YES_AGGRESSIVE;
				GCC_WARN_UNUSED_FUNCTION = YES;
				GCC_WARN_UNUSED_VARIABLE = YES;
				IPHONEOS_DEPLOYMENT_TARGET = 13.5;
				MTL_ENABLE_DEBUG_INFO = NO;
				MTL_FAST_MATH = YES;
				SDKROOT = iphoneos;
				SWIFT_COMPILATION_MODE = wholemodule;
				SWIFT_OPTIMIZATION_LEVEL = "-O";
				VALIDATE_PRODUCT = YES;
			};
			name = Release;
		};
		8566AC2724A27A2300711129 /* Debug */ = {
			isa = XCBuildConfiguration;
			buildSettings = {
				ASSETCATALOG_COMPILER_APPICON_NAME = AppIcon;
				CODE_SIGN_STYLE = Automatic;
				DEVELOPMENT_ASSET_PATHS = "\"EmojiArt/Preview Content\"";
				DEVELOPMENT_TEAM = NVDJUYZ5B5;
				ENABLE_PREVIEWS = YES;
				INFOPLIST_FILE = EmojiArt/Info.plist;
				LD_RUNPATH_SEARCH_PATHS = (
					"$(inherited)",
					"@executable_path/Frameworks",
				);
				PRODUCT_BUNDLE_IDENTIFIER = com.gmail.evangeorgetimmons.EmojiArt;
				PRODUCT_NAME = "$(TARGET_NAME)";
				SWIFT_VERSION = 5.0;
				TARGETED_DEVICE_FAMILY = "1,2";
			};
			name = Debug;
		};
		8566AC2824A27A2300711129 /* Release */ = {
			isa = XCBuildConfiguration;
			buildSettings = {
				ASSETCATALOG_COMPILER_APPICON_NAME = AppIcon;
				CODE_SIGN_STYLE = Automatic;
				DEVELOPMENT_ASSET_PATHS = "\"EmojiArt/Preview Content\"";
				DEVELOPMENT_TEAM = NVDJUYZ5B5;
				ENABLE_PREVIEWS = YES;
				INFOPLIST_FILE = EmojiArt/Info.plist;
				LD_RUNPATH_SEARCH_PATHS = (
					"$(inherited)",
					"@executable_path/Frameworks",
				);
				PRODUCT_BUNDLE_IDENTIFIER = com.gmail.evangeorgetimmons.EmojiArt;
				PRODUCT_NAME = "$(TARGET_NAME)";
				SWIFT_VERSION = 5.0;
				TARGETED_DEVICE_FAMILY = "1,2";
			};
			name = Release;
		};
/* End XCBuildConfiguration section */

/* Begin XCConfigurationList section */
		8566AC0D24A27A2200711129 /* Build configuration list for PBXProject "EmojiArt" */ = {
			isa = XCConfigurationList;
			buildConfigurations = (
				8566AC2424A27A2300711129 /* Debug */,
				8566AC2524A27A2300711129 /* Release */,
			);
			defaultConfigurationIsVisible = 0;
			defaultConfigurationName = Release;
		};
		8566AC2624A27A2300711129 /* Build configuration list for PBXNativeTarget "EmojiArt" */ = {
			isa = XCConfigurationList;
			buildConfigurations = (
				8566AC2724A27A2300711129 /* Debug */,
				8566AC2824A27A2300711129 /* Release */,
			);
			defaultConfigurationIsVisible = 0;
			defaultConfigurationName = Release;
		};
/* End XCConfigurationList section */
	};
	rootObject = 8566AC0A24A27A2200711129 /* Project object */;
}
